// !$*UTF8*$!
{
	archiveVersion = 1;
	classes = {
	};
	objectVersion = 50;
	objects = {

/* Begin PBXBuildFile section */
		4F39D8C721D1F5AA003EAA9B /* AppDelegate.swift in Sources */ = {isa = PBXBuildFile; fileRef = 4F39D8C621D1F5AA003EAA9B /* AppDelegate.swift */; };
		4F39D8C921D1F5AA003EAA9B /* ViewController.swift in Sources */ = {isa = PBXBuildFile; fileRef = 4F39D8C821D1F5AA003EAA9B /* ViewController.swift */; };
		4F39D8CC21D1F5AA003EAA9B /* Main.storyboard in Resources */ = {isa = PBXBuildFile; fileRef = 4F39D8CA21D1F5AA003EAA9B /* Main.storyboard */; };
		4F39D8CE21D1F5AC003EAA9B /* Assets.xcassets in Resources */ = {isa = PBXBuildFile; fileRef = 4F39D8CD21D1F5AC003EAA9B /* Assets.xcassets */; };
		4F39D8D121D1F5AC003EAA9B /* LaunchScreen.storyboard in Resources */ = {isa = PBXBuildFile; fileRef = 4F39D8CF21D1F5AC003EAA9B /* LaunchScreen.storyboard */; };
		4F39D8DC21D1F5AC003EAA9B /* AppleStores_GeoFencingTests.swift in Sources */ = {isa = PBXBuildFile; fileRef = 4F39D8DB21D1F5AC003EAA9B /* AppleStores_GeoFencingTests.swift */; };
		4F39D8E721D1F5AC003EAA9B /* AppleStores_GeoFencingUITests.swift in Sources */ = {isa = PBXBuildFile; fileRef = 4F39D8E621D1F5AC003EAA9B /* AppleStores_GeoFencingUITests.swift */; };
		4F39D8F521D1F66C003EAA9B /* Places.swift in Sources */ = {isa = PBXBuildFile; fileRef = 4F39D8F421D1F66C003EAA9B /* Places.swift */; };
		4F39D8F721D1F721003EAA9B /* Places.plist in Resources */ = {isa = PBXBuildFile; fileRef = 4F39D8F621D1F721003EAA9B /* Places.plist */; };
/* End PBXBuildFile section */

/* Begin PBXContainerItemProxy section */
		4F39D8D821D1F5AC003EAA9B /* PBXContainerItemProxy */ = {
			isa = PBXContainerItemProxy;
			containerPortal = 4F39D8BB21D1F5AA003EAA9B /* Project object */;
			proxyType = 1;
			remoteGlobalIDString = 4F39D8C221D1F5AA003EAA9B;
			remoteInfo = "AppleStores-GeoFencing";
		};
		4F39D8E321D1F5AC003EAA9B /* PBXContainerItemProxy */ = {
			isa = PBXContainerItemProxy;
			containerPortal = 4F39D8BB21D1F5AA003EAA9B /* Project object */;
			proxyType = 1;
			remoteGlobalIDString = 4F39D8C221D1F5AA003EAA9B;
			remoteInfo = "AppleStores-GeoFencing";
		};
/* End PBXContainerItemProxy section */

/* Begin PBXFileReference section */
		4F39D8C321D1F5AA003EAA9B /* AppleStores-GeoFencing.app */ = {isa = PBXFileReference; explicitFileType = wrapper.application; includeInIndex = 0; path = "AppleStores-GeoFencing.app"; sourceTree = BUILT_PRODUCTS_DIR; };
		4F39D8C621D1F5AA003EAA9B /* AppDelegate.swift */ = {isa = PBXFileReference; lastKnownFileType = sourcecode.swift; path = AppDelegate.swift; sourceTree = "<group>"; };
		4F39D8C821D1F5AA003EAA9B /* ViewController.swift */ = {isa = PBXFileReference; lastKnownFileType = sourcecode.swift; path = ViewController.swift; sourceTree = "<group>"; };
		4F39D8CB21D1F5AA003EAA9B /* Base */ = {isa = PBXFileReference; lastKnownFileType = file.storyboard; name = Base; path = Base.lproj/Main.storyboard; sourceTree = "<group>"; };
		4F39D8CD21D1F5AC003EAA9B /* Assets.xcassets */ = {isa = PBXFileReference; lastKnownFileType = folder.assetcatalog; path = Assets.xcassets; sourceTree = "<group>"; };
		4F39D8D021D1F5AC003EAA9B /* Base */ = {isa = PBXFileReference; lastKnownFileType = file.storyboard; name = Base; path = Base.lproj/LaunchScreen.storyboard; sourceTree = "<group>"; };
		4F39D8D221D1F5AC003EAA9B /* Info.plist */ = {isa = PBXFileReference; lastKnownFileType = text.plist.xml; path = Info.plist; sourceTree = "<group>"; };
		4F39D8D721D1F5AC003EAA9B /* AppleStores-GeoFencingTests.xctest */ = {isa = PBXFileReference; explicitFileType = wrapper.cfbundle; includeInIndex = 0; path = "AppleStores-GeoFencingTests.xctest"; sourceTree = BUILT_PRODUCTS_DIR; };
		4F39D8DB21D1F5AC003EAA9B /* AppleStores_GeoFencingTests.swift */ = {isa = PBXFileReference; lastKnownFileType = sourcecode.swift; path = AppleStores_GeoFencingTests.swift; sourceTree = "<group>"; };
		4F39D8DD21D1F5AC003EAA9B /* Info.plist */ = {isa = PBXFileReference; lastKnownFileType = text.plist.xml; path = Info.plist; sourceTree = "<group>"; };
		4F39D8E221D1F5AC003EAA9B /* AppleStores-GeoFencingUITests.xctest */ = {isa = PBXFileReference; explicitFileType = wrapper.cfbundle; includeInIndex = 0; path = "AppleStores-GeoFencingUITests.xctest"; sourceTree = BUILT_PRODUCTS_DIR; };
		4F39D8E621D1F5AC003EAA9B /* AppleStores_GeoFencingUITests.swift */ = {isa = PBXFileReference; lastKnownFileType = sourcecode.swift; path = AppleStores_GeoFencingUITests.swift; sourceTree = "<group>"; };
		4F39D8E821D1F5AC003EAA9B /* Info.plist */ = {isa = PBXFileReference; lastKnownFileType = text.plist.xml; path = Info.plist; sourceTree = "<group>"; };
		4F39D8F421D1F66C003EAA9B /* Places.swift */ = {isa = PBXFileReference; lastKnownFileType = sourcecode.swift; path = Places.swift; sourceTree = "<group>"; };
		4F39D8F621D1F721003EAA9B /* Places.plist */ = {isa = PBXFileReference; fileEncoding = 4; lastKnownFileType = text.plist.xml; path = Places.plist; sourceTree = SOURCE_ROOT; };
/* End PBXFileReference section */

/* Begin PBXFrameworksBuildPhase section */
		4F39D8C021D1F5AA003EAA9B /* Frameworks */ = {
			isa = PBXFrameworksBuildPhase;
			buildActionMask = 2147483647;
			files = (
			);
			runOnlyForDeploymentPostprocessing = 0;
		};
		4F39D8D421D1F5AC003EAA9B /* Frameworks */ = {
			isa = PBXFrameworksBuildPhase;
			buildActionMask = 2147483647;
			files = (
			);
			runOnlyForDeploymentPostprocessing = 0;
		};
		4F39D8DF21D1F5AC003EAA9B /* Frameworks */ = {
			isa = PBXFrameworksBuildPhase;
			buildActionMask = 2147483647;
			files = (
			);
			runOnlyForDeploymentPostprocessing = 0;
		};
/* End PBXFrameworksBuildPhase section */

/* Begin PBXGroup section */
		4F39D8BA21D1F5AA003EAA9B = {
			isa = PBXGroup;
			children = (
				4F39D8C521D1F5AA003EAA9B /* AppleStores-GeoFencing */,
				4F39D8DA21D1F5AC003EAA9B /* AppleStores-GeoFencingTests */,
				4F39D8E521D1F5AC003EAA9B /* AppleStores-GeoFencingUITests */,
				4F39D8C421D1F5AA003EAA9B /* Products */,
			);
			sourceTree = "<group>";
		};
		4F39D8C421D1F5AA003EAA9B /* Products */ = {
			isa = PBXGroup;
			children = (
				4F39D8C321D1F5AA003EAA9B /* AppleStores-GeoFencing.app */,
				4F39D8D721D1F5AC003EAA9B /* AppleStores-GeoFencingTests.xctest */,
				4F39D8E221D1F5AC003EAA9B /* AppleStores-GeoFencingUITests.xctest */,
			);
			name = Products;
			sourceTree = "<group>";
		};
		4F39D8C521D1F5AA003EAA9B /* AppleStores-GeoFencing */ = {
			isa = PBXGroup;
			children = (
				4F39D8F421D1F66C003EAA9B /* Places.swift */,
				4F39D8F621D1F721003EAA9B /* Places.plist */,
				4F39D8C621D1F5AA003EAA9B /* AppDelegate.swift */,
				4F39D8C821D1F5AA003EAA9B /* ViewController.swift */,
				4F39D8CA21D1F5AA003EAA9B /* Main.storyboard */,
				4F39D8CD21D1F5AC003EAA9B /* Assets.xcassets */,
				4F39D8CF21D1F5AC003EAA9B /* LaunchScreen.storyboard */,
				4F39D8D221D1F5AC003EAA9B /* Info.plist */,
			);
			path = "AppleStores-GeoFencing";
			sourceTree = "<group>";
		};
		4F39D8DA21D1F5AC003EAA9B /* AppleStores-GeoFencingTests */ = {
			isa = PBXGroup;
			children = (
				4F39D8DB21D1F5AC003EAA9B /* AppleStores_GeoFencingTests.swift */,
				4F39D8DD21D1F5AC003EAA9B /* Info.plist */,
			);
			path = "AppleStores-GeoFencingTests";
			sourceTree = "<group>";
		};
		4F39D8E521D1F5AC003EAA9B /* AppleStores-GeoFencingUITests */ = {
			isa = PBXGroup;
			children = (
				4F39D8E621D1F5AC003EAA9B /* AppleStores_GeoFencingUITests.swift */,
				4F39D8E821D1F5AC003EAA9B /* Info.plist */,
			);
			path = "AppleStores-GeoFencingUITests";
			sourceTree = "<group>";
		};
/* End PBXGroup section */

/* Begin PBXNativeTarget section */
		4F39D8C221D1F5AA003EAA9B /* AppleStores-GeoFencing */ = {
			isa = PBXNativeTarget;
			buildConfigurationList = 4F39D8EB21D1F5AC003EAA9B /* Build configuration list for PBXNativeTarget "AppleStores-GeoFencing" */;
			buildPhases = (
				4F39D8BF21D1F5AA003EAA9B /* Sources */,
				4F39D8C021D1F5AA003EAA9B /* Frameworks */,
				4F39D8C121D1F5AA003EAA9B /* Resources */,
			);
			buildRules = (
			);
			dependencies = (
			);
			name = "AppleStores-GeoFencing";
			productName = "AppleStores-GeoFencing";
			productReference = 4F39D8C321D1F5AA003EAA9B /* AppleStores-GeoFencing.app */;
			productType = "com.apple.product-type.application";
		};
		4F39D8D621D1F5AC003EAA9B /* AppleStores-GeoFencingTests */ = {
			isa = PBXNativeTarget;
			buildConfigurationList = 4F39D8EE21D1F5AC003EAA9B /* Build configuration list for PBXNativeTarget "AppleStores-GeoFencingTests" */;
			buildPhases = (
				4F39D8D321D1F5AC003EAA9B /* Sources */,
				4F39D8D421D1F5AC003EAA9B /* Frameworks */,
				4F39D8D521D1F5AC003EAA9B /* Resources */,
			);
			buildRules = (
			);
			dependencies = (
				4F39D8D921D1F5AC003EAA9B /* PBXTargetDependency */,
			);
			name = "AppleStores-GeoFencingTests";
			productName = "AppleStores-GeoFencingTests";
			productReference = 4F39D8D721D1F5AC003EAA9B /* AppleStores-GeoFencingTests.xctest */;
			productType = "com.apple.product-type.bundle.unit-test";
		};
		4F39D8E121D1F5AC003EAA9B /* AppleStores-GeoFencingUITests */ = {
			isa = PBXNativeTarget;
			buildConfigurationList = 4F39D8F121D1F5AC003EAA9B /* Build configuration list for PBXNativeTarget "AppleStores-GeoFencingUITests" */;
			buildPhases = (
				4F39D8DE21D1F5AC003EAA9B /* Sources */,
				4F39D8DF21D1F5AC003EAA9B /* Frameworks */,
				4F39D8E021D1F5AC003EAA9B /* Resources */,
			);
			buildRules = (
			);
			dependencies = (
				4F39D8E421D1F5AC003EAA9B /* PBXTargetDependency */,
			);
			name = "AppleStores-GeoFencingUITests";
			productName = "AppleStores-GeoFencingUITests";
			productReference = 4F39D8E221D1F5AC003EAA9B /* AppleStores-GeoFencingUITests.xctest */;
			productType = "com.apple.product-type.bundle.ui-testing";
		};
/* End PBXNativeTarget section */

/* Begin PBXProject section */
		4F39D8BB21D1F5AA003EAA9B /* Project object */ = {
			isa = PBXProject;
			attributes = {
				LastSwiftUpdateCheck = 1010;
				LastUpgradeCheck = 1010;
				ORGANIZATIONNAME = "Sudeepta Das";
				TargetAttributes = {
					4F39D8C221D1F5AA003EAA9B = {
						CreatedOnToolsVersion = 10.1;
					};
					4F39D8D621D1F5AC003EAA9B = {
						CreatedOnToolsVersion = 10.1;
						TestTargetID = 4F39D8C221D1F5AA003EAA9B;
					};
					4F39D8E121D1F5AC003EAA9B = {
						CreatedOnToolsVersion = 10.1;
						TestTargetID = 4F39D8C221D1F5AA003EAA9B;
					};
				};
			};
			buildConfigurationList = 4F39D8BE21D1F5AA003EAA9B /* Build configuration list for PBXProject "AppleStores-GeoFencing" */;
			compatibilityVersion = "Xcode 9.3";
			developmentRegion = en;
			hasScannedForEncodings = 0;
			knownRegions = (
				en,
				Base,
			);
			mainGroup = 4F39D8BA21D1F5AA003EAA9B;
			productRefGroup = 4F39D8C421D1F5AA003EAA9B /* Products */;
			projectDirPath = "";
			projectRoot = "";
			targets = (
				4F39D8C221D1F5AA003EAA9B /* AppleStores-GeoFencing */,
				4F39D8D621D1F5AC003EAA9B /* AppleStores-GeoFencingTests */,
				4F39D8E121D1F5AC003EAA9B /* AppleStores-GeoFencingUITests */,
			);
		};
/* End PBXProject section */

/* Begin PBXResourcesBuildPhase section */
		4F39D8C121D1F5AA003EAA9B /* Resources */ = {
			isa = PBXResourcesBuildPhase;
			buildActionMask = 2147483647;
			files = (
				4F39D8D121D1F5AC003EAA9B /* LaunchScreen.storyboard in Resources */,
				4F39D8CE21D1F5AC003EAA9B /* Assets.xcassets in Resources */,
				4F39D8F721D1F721003EAA9B /* Places.plist in Resources */,
				4F39D8CC21D1F5AA003EAA9B /* Main.storyboard in Resources */,
			);
			runOnlyForDeploymentPostprocessing = 0;
		};
		4F39D8D521D1F5AC003EAA9B /* Resources */ = {
			isa = PBXResourcesBuildPhase;
			buildActionMask = 2147483647;
			files = (
			);
			runOnlyForDeploymentPostprocessing = 0;
		};
		4F39D8E021D1F5AC003EAA9B /* Resources */ = {
			isa = PBXResourcesBuildPhase;
			buildActionMask = 2147483647;
			files = (
			);
			runOnlyForDeploymentPostprocessing = 0;
		};
/* End PBXResourcesBuildPhase section */

/* Begin PBXSourcesBuildPhase section */
		4F39D8BF21D1F5AA003EAA9B /* Sources */ = {
			isa = PBXSourcesBuildPhase;
			buildActionMask = 2147483647;
			files = (
				4F39D8C921D1F5AA003EAA9B /* ViewController.swift in Sources */,
				4F39D8C721D1F5AA003EAA9B /* AppDelegate.swift in Sources */,
				4F39D8F521D1F66C003EAA9B /* Places.swift in Sources */,
			);
			runOnlyForDeploymentPostprocessing = 0;
		};
		4F39D8D321D1F5AC003EAA9B /* Sources */ = {
			isa = PBXSourcesBuildPhase;
			buildActionMask = 2147483647;
			files = (
				4F39D8DC21D1F5AC003EAA9B /* AppleStores_GeoFencingTests.swift in Sources */,
			);
			runOnlyForDeploymentPostprocessing = 0;
		};
		4F39D8DE21D1F5AC003EAA9B /* Sources */ = {
			isa = PBXSourcesBuildPhase;
			buildActionMask = 2147483647;
			files = (
				4F39D8E721D1F5AC003EAA9B /* AppleStores_GeoFencingUITests.swift in Sources */,
			);
			runOnlyForDeploymentPostprocessing = 0;
		};
/* End PBXSourcesBuildPhase section */

/* Begin PBXTargetDependency section */
		4F39D8D921D1F5AC003EAA9B /* PBXTargetDependency */ = {
			isa = PBXTargetDependency;
			target = 4F39D8C221D1F5AA003EAA9B /* AppleStores-GeoFencing */;
			targetProxy = 4F39D8D821D1F5AC003EAA9B /* PBXContainerItemProxy */;
		};
		4F39D8E421D1F5AC003EAA9B /* PBXTargetDependency */ = {
			isa = PBXTargetDependency;
			target = 4F39D8C221D1F5AA003EAA9B /* AppleStores-GeoFencing */;
			targetProxy = 4F39D8E321D1F5AC003EAA9B /* PBXContainerItemProxy */;
		};
/* End PBXTargetDependency section */

/* Begin PBXVariantGroup section */
		4F39D8CA21D1F5AA003EAA9B /* Main.storyboard */ = {
			isa = PBXVariantGroup;
			children = (
				4F39D8CB21D1F5AA003EAA9B /* Base */,
			);
			name = Main.storyboard;
			sourceTree = "<group>";
		};
		4F39D8CF21D1F5AC003EAA9B /* LaunchScreen.storyboard */ = {
			isa = PBXVariantGroup;
			children = (
				4F39D8D021D1F5AC003EAA9B /* Base */,
			);
			name = LaunchScreen.storyboard;
			sourceTree = "<group>";
		};
/* End PBXVariantGroup section */

/* Begin XCBuildConfiguration section */
		4F39D8E921D1F5AC003EAA9B /* Debug */ = {
			isa = XCBuildConfiguration;
			buildSettings = {
				ALWAYS_SEARCH_USER_PATHS = NO;
				CLANG_ANALYZER_NONNULL = YES;
				CLANG_ANALYZER_NUMBER_OBJECT_CONVERSION = YES_AGGRESSIVE;
				CLANG_CXX_LANGUAGE_STANDARD = "gnu++14";
				CLANG_CXX_LIBRARY = "libc++";
				CLANG_ENABLE_MODULES = YES;
				CLANG_ENABLE_OBJC_ARC = YES;
				CLANG_ENABLE_OBJC_WEAK = YES;
				CLANG_WARN_BLOCK_CAPTURE_AUTORELEASING = YES;
				CLANG_WARN_BOOL_CONVERSION = YES;
				CLANG_WARN_COMMA = YES;
				CLANG_WARN_CONSTANT_CONVERSION = YES;
				CLANG_WARN_DEPRECATED_OBJC_IMPLEMENTATIONS = YES;
				CLANG_WARN_DIRECT_OBJC_ISA_USAGE = YES_ERROR;
				CLANG_WARN_DOCUMENTATION_COMMENTS = YES;
				CLANG_WARN_EMPTY_BODY = YES;
				CLANG_WARN_ENUM_CONVERSION = YES;
				CLANG_WARN_INFINITE_RECURSION = YES;
				CLANG_WARN_INT_CONVERSION = YES;
				CLANG_WARN_NON_LITERAL_NULL_CONVERSION = YES;
				CLANG_WARN_OBJC_IMPLICIT_RETAIN_SELF = YES;
				CLANG_WARN_OBJC_LITERAL_CONVERSION = YES;
				CLANG_WARN_OBJC_ROOT_CLASS = YES_ERROR;
				CLANG_WARN_RANGE_LOOP_ANALYSIS = YES;
				CLANG_WARN_STRICT_PROTOTYPES = YES;
				CLANG_WARN_SUSPICIOUS_MOVE = YES;
				CLANG_WARN_UNGUARDED_AVAILABILITY = YES_AGGRESSIVE;
				CLANG_WARN_UNREACHABLE_CODE = YES;
				CLANG_WARN__DUPLICATE_METHOD_MATCH = YES;
				CODE_SIGN_IDENTITY = "iPhone Developer";
				COPY_PHASE_STRIP = NO;
				DEBUG_INFORMATION_FORMAT = dwarf;
				ENABLE_STRICT_OBJC_MSGSEND = YES;
				ENABLE_TESTABILITY = YES;
				GCC_C_LANGUAGE_STANDARD = gnu11;
				GCC_DYNAMIC_NO_PIC = NO;
				GCC_NO_COMMON_BLOCKS = YES;
				GCC_OPTIMIZATION_LEVEL = 0;
				GCC_PREPROCESSOR_DEFINITIONS = (
					"DEBUG=1",
					"$(inherited)",
				);
				GCC_WARN_64_TO_32_BIT_CONVERSION = YES;
				GCC_WARN_ABOUT_RETURN_TYPE = YES_ERROR;
				GCC_WARN_UNDECLARED_SELECTOR = YES;
				GCC_WARN_UNINITIALIZED_AUTOS = YES_AGGRESSIVE;
				GCC_WARN_UNUSED_FUNCTION = YES;
				GCC_WARN_UNUSED_VARIABLE = YES;
				IPHONEOS_DEPLOYMENT_TARGET = 12.1;
				MTL_ENABLE_DEBUG_INFO = INCLUDE_SOURCE;
				MTL_FAST_MATH = YES;
				ONLY_ACTIVE_ARCH = YES;
				SDKROOT = iphoneos;
				SWIFT_ACTIVE_COMPILATION_CONDITIONS = DEBUG;
				SWIFT_OPTIMIZATION_LEVEL = "-Onone";
			};
			name = Debug;
		};
		4F39D8EA21D1F5AC003EAA9B /* Release */ = {
			isa = XCBuildConfiguration;
			buildSettings = {
				ALWAYS_SEARCH_USER_PATHS = NO;
				CLANG_ANALYZER_NONNULL = YES;
				CLANG_ANALYZER_NUMBER_OBJECT_CONVERSION = YES_AGGRESSIVE;
				CLANG_CXX_LANGUAGE_STANDARD = "gnu++14";
				CLANG_CXX_LIBRARY = "libc++";
				CLANG_ENABLE_MODULES = YES;
				CLANG_ENABLE_OBJC_ARC = YES;
				CLANG_ENABLE_OBJC_WEAK = YES;
				CLANG_WARN_BLOCK_CAPTURE_AUTORELEASING = YES;
				CLANG_WARN_BOOL_CONVERSION = YES;
				CLANG_WARN_COMMA = YES;
				CLANG_WARN_CONSTANT_CONVERSION = YES;
				CLANG_WARN_DEPRECATED_OBJC_IMPLEMENTATIONS = YES;
				CLANG_WARN_DIRECT_OBJC_ISA_USAGE = YES_ERROR;
				CLANG_WARN_DOCUMENTATION_COMMENTS = YES;
				CLANG_WARN_EMPTY_BODY = YES;
				CLANG_WARN_ENUM_CONVERSION = YES;
				CLANG_WARN_INFINITE_RECURSION = YES;
				CLANG_WARN_INT_CONVERSION = YES;
				CLANG_WARN_NON_LITERAL_NULL_CONVERSION = YES;
				CLANG_WARN_OBJC_IMPLICIT_RETAIN_SELF = YES;
				CLANG_WARN_OBJC_LITERAL_CONVERSION = YES;
				CLANG_WARN_OBJC_ROOT_CLASS = YES_ERROR;
				CLANG_WARN_RANGE_LOOP_ANALYSIS = YES;
				CLANG_WARN_STRICT_PROTOTYPES = YES;
				CLANG_WARN_SUSPICIOUS_MOVE = YES;
				CLANG_WARN_UNGUARDED_AVAILABILITY = YES_AGGRESSIVE;
				CLANG_WARN_UNREACHABLE_CODE = YES;
				CLANG_WARN__DUPLICATE_METHOD_MATCH = YES;
				CODE_SIGN_IDENTITY = "iPhone Developer";
				COPY_PHASE_STRIP = NO;
				DEBUG_INFORMATION_FORMAT = "dwarf-with-dsym";
				ENABLE_NS_ASSERTIONS = NO;
				ENABLE_STRICT_OBJC_MSGSEND = YES;
				GCC_C_LANGUAGE_STANDARD = gnu11;
				GCC_NO_COMMON_BLOCKS = YES;
				GCC_WARN_64_TO_32_BIT_CONVERSION = YES;
				GCC_WARN_ABOUT_RETURN_TYPE = YES_ERROR;
				GCC_WARN_UNDECLARED_SELECTOR = YES;
				GCC_WARN_UNINITIALIZED_AUTOS = YES_AGGRESSIVE;
				GCC_WARN_UNUSED_FUNCTION = YES;
				GCC_WARN_UNUSED_VARIABLE = YES;
				IPHONEOS_DEPLOYMENT_TARGET = 12.1;
				MTL_ENABLE_DEBUG_INFO = NO;
				MTL_FAST_MATH = YES;
				SDKROOT = iphoneos;
				SWIFT_COMPILATION_MODE = wholemodule;
				SWIFT_OPTIMIZATION_LEVEL = "-O";
				VALIDATE_PRODUCT = YES;
			};
			name = Release;
		};
		4F39D8EC21D1F5AC003EAA9B /* Debug */ = {
			isa = XCBuildConfiguration;
			buildSettings = {
				ASSETCATALOG_COMPILER_APPICON_NAME = AppIcon;
				CODE_SIGN_STYLE = Automatic;
				DEVELOPMENT_TEAM = B95X3YPGD3;
				INFOPLIST_FILE = "AppleStores-GeoFencing/Info.plist";
				LD_RUNPATH_SEARCH_PATHS = (
					"$(inherited)",
					"@executable_path/Frameworks",
				);
				PRODUCT_BUNDLE_IDENTIFIER = "com.AppleStores-GeoFencing";
				PRODUCT_NAME = "$(TARGET_NAME)";
				SWIFT_VERSION = 4.2;
				TARGETED_DEVICE_FAMILY = "1,2";
			};
			name = Debug;
		};
		4F39D8ED21D1F5AC003EAA9B /* Release */ = {
			isa = XCBuildConfiguration;
			buildSettings = {
				ASSETCATALOG_COMPILER_APPICON_NAME = AppIcon;
				CODE_SIGN_STYLE = Automatic;
				DEVELOPMENT_TEAM = B95X3YPGD3;
				INFOPLIST_FILE = "AppleStores-GeoFencing/Info.plist";
				LD_RUNPATH_SEARCH_PATHS = (
					"$(inherited)",
					"@executable_path/Frameworks",
				);
				PRODUCT_BUNDLE_IDENTIFIER = "com.AppleStores-GeoFencing";
				PRODUCT_NAME = "$(TARGET_NAME)";
				SWIFT_VERSION = 4.2;
				TARGETED_DEVICE_FAMILY = "1,2";
			};
			name = Release;
		};
		4F39D8EF21D1F5AC003EAA9B /* Debug */ = {
			isa = XCBuildConfiguration;
			buildSettings = {
				ALWAYS_EMBED_SWIFT_STANDARD_LIBRARIES = YES;
				BUNDLE_LOADER = "$(TEST_HOST)";
				CODE_SIGN_STYLE = Automatic;
				INFOPLIST_FILE = "AppleStores-GeoFencingTests/Info.plist";
				LD_RUNPATH_SEARCH_PATHS = (
					"$(inherited)",
					"@executable_path/Frameworks",
					"@loader_path/Frameworks",
				);
				PRODUCT_BUNDLE_IDENTIFIER = "com.AppleStores-GeoFencingTests";
				PRODUCT_NAME = "$(TARGET_NAME)";
				SWIFT_VERSION = 4.2;
				TARGETED_DEVICE_FAMILY = "1,2";
				TEST_HOST = "$(BUILT_PRODUCTS_DIR)/AppleStores-GeoFencing.app/AppleStores-GeoFencing";
			};
			name = Debug;
		};
		4F39D8F021D1F5AC003EAA9B /* Release */ = {
			isa = XCBuildConfiguration;
			buildSettings = {
				ALWAYS_EMBED_SWIFT_STANDARD_LIBRARIES = YES;
				BUNDLE_LOADER = "$(TEST_HOST)";
				CODE_SIGN_STYLE = Automatic;
				INFOPLIST_FILE = "AppleStores-GeoFencingTests/Info.plist";
				LD_RUNPATH_SEARCH_PATHS = (
					"$(inherited)",
					"@executable_path/Frameworks",
					"@loader_path/Frameworks",
				);
				PRODUCT_BUNDLE_IDENTIFIER = "com.AppleStores-GeoFencingTests";
				PRODUCT_NAME = "$(TARGET_NAME)";
				SWIFT_VERSION = 4.2;
				TARGETED_DEVICE_FAMILY = "1,2";
				TEST_HOST = "$(BUILT_PRODUCTS_DIR)/AppleStores-GeoFencing.app/AppleStores-GeoFencing";
			};
			name = Release;
		};
		4F39D8F221D1F5AC003EAA9B /* Debug */ = {
			isa = XCBuildConfiguration;
			buildSettings = {
				ALWAYS_EMBED_SWIFT_STANDARD_LIBRARIES = YES;
				CODE_SIGN_STYLE = Automatic;
				INFOPLIST_FILE = "AppleStores-GeoFencingUITests/Info.plist";
				LD_RUNPATH_SEARCH_PATHS = (
					"$(inherited)",
					"@executable_path/Frameworks",
					"@loader_path/Frameworks",
				);
				PRODUCT_BUNDLE_IDENTIFIER = "com.AppleStores-GeoFencingUITests";
				PRODUCT_NAME = "$(TARGET_NAME)";
				SWIFT_VERSION = 4.2;
				TARGETED_DEVICE_FAMILY = "1,2";
				TEST_TARGET_NAME = "AppleStores-GeoFencing";
			};
			name = Debug;
		};
		4F39D8F321D1F5AC003EAA9B /* Release */ = {
			isa = XCBuildConfiguration;
			buildSettings = {
				ALWAYS_EMBED_SWIFT_STANDARD_LIBRARIES = YES;
				CODE_SIGN_STYLE = Automatic;
				INFOPLIST_FILE = "AppleStores-GeoFencingUITests/Info.plist";
				LD_RUNPATH_SEARCH_PATHS = (
					"$(inherited)",
					"@executable_path/Frameworks",
					"@loader_path/Frameworks",
				);
				PRODUCT_BUNDLE_IDENTIFIER = "com.AppleStores-GeoFencingUITests";
				PRODUCT_NAME = "$(TARGET_NAME)";
				SWIFT_VERSION = 4.2;
				TARGETED_DEVICE_FAMILY = "1,2";
				TEST_TARGET_NAME = "AppleStores-GeoFencing";
			};
			name = Release;
		};
/* End XCBuildConfiguration section */

/* Begin XCConfigurationList section */
		4F39D8BE21D1F5AA003EAA9B /* Build configuration list for PBXProject "AppleStores-GeoFencing" */ = {
			isa = XCConfigurationList;
			buildConfigurations = (
				4F39D8E921D1F5AC003EAA9B /* Debug */,
				4F39D8EA21D1F5AC003EAA9B /* Release */,
			);
			defaultConfigurationIsVisible = 0;
			defaultConfigurationName = Release;
		};
		4F39D8EB21D1F5AC003EAA9B /* Build configuration list for PBXNativeTarget "AppleStores-GeoFencing" */ = {
			isa = XCConfigurationList;
			buildConfigurations = (
				4F39D8EC21D1F5AC003EAA9B /* Debug */,
				4F39D8ED21D1F5AC003EAA9B /* Release */,
			);
			defaultConfigurationIsVisible = 0;
			defaultConfigurationName = Release;
		};
		4F39D8EE21D1F5AC003EAA9B /* Build configuration list for PBXNativeTarget "AppleStores-GeoFencingTests" */ = {
			isa = XCConfigurationList;
			buildConfigurations = (
				4F39D8EF21D1F5AC003EAA9B /* Debug */,
				4F39D8F021D1F5AC003EAA9B /* Release */,
			);
			defaultConfigurationIsVisible = 0;
			defaultConfigurationName = Release;
		};
		4F39D8F121D1F5AC003EAA9B /* Build configuration list for PBXNativeTarget "AppleStores-GeoFencingUITests" */ = {
			isa = XCConfigurationList;
			buildConfigurations = (
				4F39D8F221D1F5AC003EAA9B /* Debug */,
				4F39D8F321D1F5AC003EAA9B /* Release */,
			);
			defaultConfigurationIsVisible = 0;
			defaultConfigurationName = Release;
		};
/* End XCConfigurationList section */
	};
	rootObject = 4F39D8BB21D1F5AA003EAA9B /* Project object */;
}
